// !$*UTF8*$!
{
	archiveVersion = 1;
	classes = {
	};
	objectVersion = 46;
	objects = {

/* Begin PBXBuildFile section */
		5DDAAFA61B394C5E00D409F4 /* main.m in Sources */ = {isa = PBXBuildFile; fileRef = 5DDAAFA51B394C5E00D409F4 /* main.m */; };
		5DDAAFA91B394C5E00D409F4 /* AppDelegate.m in Sources */ = {isa = PBXBuildFile; fileRef = 5DDAAFA81B394C5E00D409F4 /* AppDelegate.m */; };
		5DDAAFAC1B394C5E00D409F4 /* ViewController.m in Sources */ = {isa = PBXBuildFile; fileRef = 5DDAAFAB1B394C5E00D409F4 /* ViewController.m */; };
		5DDAAFAF1B394C5E00D409F4 /* Main.storyboard in Resources */ = {isa = PBXBuildFile; fileRef = 5DDAAFAD1B394C5E00D409F4 /* Main.storyboard */; };
		5DDAAFB11B394C5E00D409F4 /* Images.xcassets in Resources */ = {isa = PBXBuildFile; fileRef = 5DDAAFB01B394C5E00D409F4 /* Images.xcassets */; };
		5DDAAFB41B394C5E00D409F4 /* LaunchScreen.xib in Resources */ = {isa = PBXBuildFile; fileRef = 5DDAAFB21B394C5E00D409F4 /* LaunchScreen.xib */; };
		5DDAAFC01B394C5F00D409F4 /* JXCircleSliderTests.m in Sources */ = {isa = PBXBuildFile; fileRef = 5DDAAFBF1B394C5F00D409F4 /* JXCircleSliderTests.m */; };
		5DDAAFD11B3963CF00D409F4 /* JXCircleSlider.m in Sources */ = {isa = PBXBuildFile; fileRef = 5DDAAFD01B3963CF00D409F4 /* JXCircleSlider.m */; };
/* End PBXBuildFile section */

/* Begin PBXContainerItemProxy section */
		5DDAAFBA1B394C5E00D409F4 /* PBXContainerItemProxy */ = {
			isa = PBXContainerItemProxy;
			containerPortal = 5DDAAF981B394C5E00D409F4 /* Project object */;
			proxyType = 1;
			remoteGlobalIDString = 5DDAAF9F1B394C5E00D409F4;
			remoteInfo = JXCircleSlider;
		};
/* End PBXContainerItemProxy section */

/* Begin PBXFileReference section */
		5DDAAFA01B394C5E00D409F4 /* JXCircleSlider.app */ = {isa = PBXFileReference; explicitFileType = wrapper.application; includeInIndex = 0; path = JXCircleSlider.app; sourceTree = BUILT_PRODUCTS_DIR; };
		5DDAAFA41B394C5E00D409F4 /* Info.plist */ = {isa = PBXFileReference; lastKnownFileType = text.plist.xml; path = Info.plist; sourceTree = "<group>"; };
		5DDAAFA51B394C5E00D409F4 /* main.m */ = {isa = PBXFileReference; lastKnownFileType = sourcecode.c.objc; path = main.m; sourceTree = "<group>"; };
		5DDAAFA71B394C5E00D409F4 /* AppDelegate.h */ = {isa = PBXFileReference; lastKnownFileType = sourcecode.c.h; path = AppDelegate.h; sourceTree = "<group>"; };
		5DDAAFA81B394C5E00D409F4 /* AppDelegate.m */ = {isa = PBXFileReference; lastKnownFileType = sourcecode.c.objc; path = AppDelegate.m; sourceTree = "<group>"; };
		5DDAAFAA1B394C5E00D409F4 /* ViewController.h */ = {isa = PBXFileReference; lastKnownFileType = sourcecode.c.h; path = ViewController.h; sourceTree = "<group>"; };
		5DDAAFAB1B394C5E00D409F4 /* ViewController.m */ = {isa = PBXFileReference; lastKnownFileType = sourcecode.c.objc; path = ViewController.m; sourceTree = "<group>"; };
		5DDAAFAE1B394C5E00D409F4 /* Base */ = {isa = PBXFileReference; lastKnownFileType = file.storyboard; name = Base; path = Base.lproj/Main.storyboard; sourceTree = "<group>"; };
		5DDAAFB01B394C5E00D409F4 /* Images.xcassets */ = {isa = PBXFileReference; lastKnownFileType = folder.assetcatalog; path = Images.xcassets; sourceTree = "<group>"; };
		5DDAAFB31B394C5E00D409F4 /* Base */ = {isa = PBXFileReference; lastKnownFileType = file.xib; name = Base; path = Base.lproj/LaunchScreen.xib; sourceTree = "<group>"; };
		5DDAAFB91B394C5E00D409F4 /* JXCircleSliderTests.xctest */ = {isa = PBXFileReference; explicitFileType = wrapper.cfbundle; includeInIndex = 0; path = JXCircleSliderTests.xctest; sourceTree = BUILT_PRODUCTS_DIR; };
		5DDAAFBE1B394C5E00D409F4 /* Info.plist */ = {isa = PBXFileReference; lastKnownFileType = text.plist.xml; path = Info.plist; sourceTree = "<group>"; };
		5DDAAFBF1B394C5F00D409F4 /* JXCircleSliderTests.m */ = {isa = PBXFileReference; lastKnownFileType = sourcecode.c.objc; path = JXCircleSliderTests.m; sourceTree = "<group>"; };
		5DDAAFCF1B3963CF00D409F4 /* JXCircleSlider.h */ = {isa = PBXFileReference; fileEncoding = 4; lastKnownFileType = sourcecode.c.h; path = JXCircleSlider.h; sourceTree = "<group>"; };
		5DDAAFD01B3963CF00D409F4 /* JXCircleSlider.m */ = {isa = PBXFileReference; fileEncoding = 4; lastKnownFileType = sourcecode.c.objc; path = JXCircleSlider.m; sourceTree = "<group>"; };
/* End PBXFileReference section */

/* Begin PBXFrameworksBuildPhase section */
		5DDAAF9D1B394C5E00D409F4 /* Frameworks */ = {
			isa = PBXFrameworksBuildPhase;
			buildActionMask = 2147483647;
			files = (
			);
			runOnlyForDeploymentPostprocessing = 0;
		};
		5DDAAFB61B394C5E00D409F4 /* Frameworks */ = {
			isa = PBXFrameworksBuildPhase;
			buildActionMask = 2147483647;
			files = (
			);
			runOnlyForDeploymentPostprocessing = 0;
		};
/* End PBXFrameworksBuildPhase section */

/* Begin PBXGroup section */
		5DDAAF971B394C5E00D409F4 = {
			isa = PBXGroup;
			children = (
				5DDAAFA21B394C5E00D409F4 /* JXCircleSlider */,
				5DDAAFBC1B394C5E00D409F4 /* JXCircleSliderTests */,
				5DDAAFA11B394C5E00D409F4 /* Products */,
				5DDAAFCF1B3963CF00D409F4 /* JXCircleSlider.h */,
				5DDAAFD01B3963CF00D409F4 /* JXCircleSlider.m */,
			);
			sourceTree = "<group>";
		};
		5DDAAFA11B394C5E00D409F4 /* Products */ = {
			isa = PBXGroup;
			children = (
				5DDAAFA01B394C5E00D409F4 /* JXCircleSlider.app */,
				5DDAAFB91B394C5E00D409F4 /* JXCircleSliderTests.xctest */,
			);
			name = Products;
			sourceTree = "<group>";
		};
		5DDAAFA21B394C5E00D409F4 /* JXCircleSlider */ = {
			isa = PBXGroup;
			children = (
				5DDAAFA71B394C5E00D409F4 /* AppDelegate.h */,
				5DDAAFA81B394C5E00D409F4 /* AppDelegate.m */,
				5DDAAFAA1B394C5E00D409F4 /* ViewController.h */,
				5DDAAFAB1B394C5E00D409F4 /* ViewController.m */,
				5DDAAFAD1B394C5E00D409F4 /* Main.storyboard */,
				5DDAAFB01B394C5E00D409F4 /* Images.xcassets */,
				5DDAAFB21B394C5E00D409F4 /* LaunchScreen.xib */,
				5DDAAFA31B394C5E00D409F4 /* Supporting Files */,
			);
			path = JXCircleSlider;
			sourceTree = "<group>";
		};
		5DDAAFA31B394C5E00D409F4 /* Supporting Files */ = {
			isa = PBXGroup;
			children = (
				5DDAAFA41B394C5E00D409F4 /* Info.plist */,
				5DDAAFA51B394C5E00D409F4 /* main.m */,
			);
			name = "Supporting Files";
			sourceTree = "<group>";
		};
		5DDAAFBC1B394C5E00D409F4 /* JXCircleSliderTests */ = {
			isa = PBXGroup;
			children = (
				5DDAAFBF1B394C5F00D409F4 /* JXCircleSliderTests.m */,
				5DDAAFBD1B394C5E00D409F4 /* Supporting Files */,
			);
			path = JXCircleSliderTests;
			sourceTree = "<group>";
		};
		5DDAAFBD1B394C5E00D409F4 /* Supporting Files */ = {
			isa = PBXGroup;
			children = (
				5DDAAFBE1B394C5E00D409F4 /* Info.plist */,
			);
			name = "Supporting Files";
			sourceTree = "<group>";
		};
/* End PBXGroup section */

/* Begin PBXNativeTarget section */
		5DDAAF9F1B394C5E00D409F4 /* JXCircleSlider */ = {
			isa = PBXNativeTarget;
			buildConfigurationList = 5DDAAFC31B394C5F00D409F4 /* Build configuration list for PBXNativeTarget "JXCircleSlider" */;
			buildPhases = (
				5DDAAF9C1B394C5E00D409F4 /* Sources */,
				5DDAAF9D1B394C5E00D409F4 /* Frameworks */,
				5DDAAF9E1B394C5E00D409F4 /* Resources */,
			);
			buildRules = (
			);
			dependencies = (
			);
			name = JXCircleSlider;
			productName = JXCircleSlider;
			productReference = 5DDAAFA01B394C5E00D409F4 /* JXCircleSlider.app */;
			productType = "com.apple.product-type.application";
		};
		5DDAAFB81B394C5E00D409F4 /* JXCircleSliderTests */ = {
			isa = PBXNativeTarget;
			buildConfigurationList = 5DDAAFC61B394C5F00D409F4 /* Build configuration list for PBXNativeTarget "JXCircleSliderTests" */;
			buildPhases = (
				5DDAAFB51B394C5E00D409F4 /* Sources */,
				5DDAAFB61B394C5E00D409F4 /* Frameworks */,
				5DDAAFB71B394C5E00D409F4 /* Resources */,
			);
			buildRules = (
			);
			dependencies = (
				5DDAAFBB1B394C5E00D409F4 /* PBXTargetDependency */,
			);
			name = JXCircleSliderTests;
			productName = JXCircleSliderTests;
			productReference = 5DDAAFB91B394C5E00D409F4 /* JXCircleSliderTests.xctest */;
			productType = "com.apple.product-type.bundle.unit-test";
		};
/* End PBXNativeTarget section */

/* Begin PBXProject section */
		5DDAAF981B394C5E00D409F4 /* Project object */ = {
			isa = PBXProject;
			attributes = {
				LastUpgradeCheck = 0630;
				ORGANIZATIONNAME = BFMobile;
				TargetAttributes = {
					5DDAAF9F1B394C5E00D409F4 = {
						CreatedOnToolsVersion = 6.3.2;
					};
					5DDAAFB81B394C5E00D409F4 = {
						CreatedOnToolsVersion = 6.3.2;
						TestTargetID = 5DDAAF9F1B394C5E00D409F4;
					};
				};
			};
			buildConfigurationList = 5DDAAF9B1B394C5E00D409F4 /* Build configuration list for PBXProject "JXCircleSlider" */;
			compatibilityVersion = "Xcode 3.2";
			developmentRegion = English;
			hasScannedForEncodings = 0;
			knownRegions = (
				en,
				Base,
			);
			mainGroup = 5DDAAF971B394C5E00D409F4;
			productRefGroup = 5DDAAFA11B394C5E00D409F4 /* Products */;
			projectDirPath = "";
			projectRoot = "";
			targets = (
				5DDAAF9F1B394C5E00D409F4 /* JXCircleSlider */,
				5DDAAFB81B394C5E00D409F4 /* JXCircleSliderTests */,
			);
		};
/* End PBXProject section */

/* Begin PBXResourcesBuildPhase section */
		5DDAAF9E1B394C5E00D409F4 /* Resources */ = {
			isa = PBXResourcesBuildPhase;
			buildActionMask = 2147483647;
			files = (
				5DDAAFAF1B394C5E00D409F4 /* Main.storyboard in Resources */,
				5DDAAFB41B394C5E00D409F4 /* LaunchScreen.xib in Resources */,
				5DDAAFB11B394C5E00D409F4 /* Images.xcassets in Resources */,
			);
			runOnlyForDeploymentPostprocessing = 0;
		};
		5DDAAFB71B394C5E00D409F4 /* Resources */ = {
			isa = PBXResourcesBuildPhase;
			buildActionMask = 2147483647;
			files = (
			);
			runOnlyForDeploymentPostprocessing = 0;
		};
/* End PBXResourcesBuildPhase section */

/* Begin PBXSourcesBuildPhase section */
		5DDAAF9C1B394C5E00D409F4 /* Sources */ = {
			isa = PBXSourcesBuildPhase;
			buildActionMask = 2147483647;
			files = (
				5DDAAFD11B3963CF00D409F4 /* JXCircleSlider.m in Sources */,
				5DDAAFAC1B394C5E00D409F4 /* ViewController.m in Sources */,
				5DDAAFA91B394C5E00D409F4 /* AppDelegate.m in Sources */,
				5DDAAFA61B394C5E00D409F4 /* main.m in Sources */,
			);
			runOnlyForDeploymentPostprocessing = 0;
		};
		5DDAAFB51B394C5E00D409F4 /* Sources */ = {
			isa = PBXSourcesBuildPhase;
			buildActionMask = 2147483647;
			files = (
				5DDAAFC01B394C5F00D409F4 /* JXCircleSliderTests.m in Sources */,
			);
			runOnlyForDeploymentPostprocessing = 0;
		};
/* End PBXSourcesBuildPhase section */

/* Begin PBXTargetDependency section */
		5DDAAFBB1B394C5E00D409F4 /* PBXTargetDependency */ = {
			isa = PBXTargetDependency;
			target = 5DDAAF9F1B394C5E00D409F4 /* JXCircleSlider */;
			targetProxy = 5DDAAFBA1B394C5E00D409F4 /* PBXContainerItemProxy */;
		};
/* End PBXTargetDependency section */

/* Begin PBXVariantGroup section */
		5DDAAFAD1B394C5E00D409F4 /* Main.storyboard */ = {
			isa = PBXVariantGroup;
			children = (
				5DDAAFAE1B394C5E00D409F4 /* Base */,
			);
			name = Main.storyboard;
			sourceTree = "<group>";
		};
		5DDAAFB21B394C5E00D409F4 /* LaunchScreen.xib */ = {
			isa = PBXVariantGroup;
			children = (
				5DDAAFB31B394C5E00D409F4 /* Base */,
			);
			name = LaunchScreen.xib;
			sourceTree = "<group>";
		};
/* End PBXVariantGroup section */

/* Begin XCBuildConfiguration section */
		5DDAAFC11B394C5F00D409F4 /* Debug */ = {
			isa = XCBuildConfiguration;
			buildSettings = {
				ALWAYS_SEARCH_USER_PATHS = NO;
				CLANG_CXX_LANGUAGE_STANDARD = "gnu++0x";
				CLANG_CXX_LIBRARY = "libc++";
				CLANG_ENABLE_MODULES = YES;
				CLANG_ENABLE_OBJC_ARC = YES;
				CLANG_WARN_BOOL_CONVERSION = YES;
				CLANG_WARN_CONSTANT_CONVERSION = YES;
				CLANG_WARN_DIRECT_OBJC_ISA_USAGE = YES_ERROR;
				CLANG_WARN_EMPTY_BODY = YES;
				CLANG_WARN_ENUM_CONVERSION = YES;
				CLANG_WARN_INT_CONVERSION = YES;
				CLANG_WARN_OBJC_ROOT_CLASS = YES_ERROR;
				CLANG_WARN_UNREACHABLE_CODE = YES;
				CLANG_WARN__DUPLICATE_METHOD_MATCH = YES;
				"CODE_SIGN_IDENTITY[sdk=iphoneos*]" = "iPhone Developer";
				COPY_PHASE_STRIP = NO;
				DEBUG_INFORMATION_FORMAT = "dwarf-with-dsym";
				ENABLE_STRICT_OBJC_MSGSEND = YES;
				GCC_C_LANGUAGE_STANDARD = gnu99;
				GCC_DYNAMIC_NO_PIC = NO;
				GCC_NO_COMMON_BLOCKS = YES;
				GCC_OPTIMIZATION_LEVEL = 0;
				GCC_PREPROCESSOR_DEFINITIONS = (
					"DEBUG=1",
					"$(inherited)",
				);
				GCC_SYMBOLS_PRIVATE_EXTERN = NO;
				GCC_WARN_64_TO_32_BIT_CONVERSION = YES;
				GCC_WARN_ABOUT_RETURN_TYPE = YES_ERROR;
				GCC_WARN_UNDECLARED_SELECTOR = YES;
				GCC_WARN_UNINITIALIZED_AUTOS = YES_AGGRESSIVE;
				GCC_WARN_UNUSED_FUNCTION = YES;
				GCC_WARN_UNUSED_VARIABLE = YES;
				IPHONEOS_DEPLOYMENT_TARGET = 8.3;
				MTL_ENABLE_DEBUG_INFO = YES;
				ONLY_ACTIVE_ARCH = YES;
				SDKROOT = iphoneos;
			};
			name = Debug;
		};
		5DDAAFC21B394C5F00D409F4 /* Release */ = {
			isa = XCBuildConfiguration;
			buildSettings = {
				ALWAYS_SEARCH_USER_PATHS = NO;
				CLANG_CXX_LANGUAGE_STANDARD = "gnu++0x";
				CLANG_CXX_LIBRARY = "libc++";
				CLANG_ENABLE_MODULES = YES;
				CLANG_ENABLE_OBJC_ARC = YES;
				CLANG_WARN_BOOL_CONVERSION = YES;
				CLANG_WARN_CONSTANT_CONVERSION = YES;
				CLANG_WARN_DIRECT_OBJC_ISA_USAGE = YES_ERROR;
				CLANG_WARN_EMPTY_BODY = YES;
				CLANG_WARN_ENUM_CONVERSION = YES;
				CLANG_WARN_INT_CONVERSION = YES;
				CLANG_WARN_OBJC_ROOT_CLASS = YES_ERROR;
				CLANG_WARN_UNREACHABLE_CODE = YES;
				CLANG_WARN__DUPLICATE_METHOD_MATCH = YES;
				"CODE_SIGN_IDENTITY[sdk=iphoneos*]" = "iPhone Developer";
				COPY_PHASE_STRIP = NO;
				DEBUG_INFORMATION_FORMAT = "dwarf-with-dsym";
				ENABLE_NS_ASSERTIONS = NO;
				ENABLE_STRICT_OBJC_MSGSEND = YES;
				GCC_C_LANGUAGE_STANDARD = gnu99;
				GCC_NO_COMMON_BLOCKS = YES;
				GCC_WARN_64_TO_32_BIT_CONVERSION = YES;
				GCC_WARN_ABOUT_RETURN_TYPE = YES_ERROR;
				GCC_WARN_UNDECLARED_SELECTOR = YES;
				GCC_WARN_UNINITIALIZED_AUTOS = YES_AGGRESSIVE;
				GCC_WARN_UNUSED_FUNCTION = YES;
				GCC_WARN_UNUSED_VARIABLE = YES;
				IPHONEOS_DEPLOYMENT_TARGET = 8.3;
				MTL_ENABLE_DEBUG_INFO = NO;
				SDKROOT = iphoneos;
				VALIDATE_PRODUCT = YES;
			};
			name = Release;
		};
		5DDAAFC41B394C5F00D409F4 /* Debug */ = {
			isa = XCBuildConfiguration;
			buildSettings = {
				ASSETCATALOG_COMPILER_APPICON_NAME = AppIcon;
				INFOPLIST_FILE = JXCircleSlider/Info.plist;
				LD_RUNPATH_SEARCH_PATHS = "$(inherited) @executable_path/Frameworks";
				PRODUCT_NAME = "$(TARGET_NAME)";
			};
			name = Debug;
		};
		5DDAAFC51B394C5F00D409F4 /* Release */ = {
			isa = XCBuildConfiguration;
			buildSettings = {
				ASSETCATALOG_COMPILER_APPICON_NAME = AppIcon;
				INFOPLIST_FILE = JXCircleSlider/Info.plist;
				LD_RUNPATH_SEARCH_PATHS = "$(inherited) @executable_path/Frameworks";
				PRODUCT_NAME = "$(TARGET_NAME)";
			};
			name = Release;
		};
		5DDAAFC71B394C5F00D409F4 /* Debug */ = {
			isa = XCBuildConfiguration;
			buildSettings = {
				BUNDLE_LOADER = "$(TEST_HOST)";
				FRAMEWORK_SEARCH_PATHS = (
					"$(SDKROOT)/Developer/Library/Frameworks",
					"$(inherited)",
				);
				GCC_PREPROCESSOR_DEFINITIONS = (
					"DEBUG=1",
					"$(inherited)",
				);
				INFOPLIST_FILE = JXCircleSliderTests/Info.plist;
				LD_RUNPATH_SEARCH_PATHS = "$(inherited) @executable_path/Frameworks @loader_path/Frameworks";
				PRODUCT_NAME = "$(TARGET_NAME)";
				TEST_HOST = "$(BUILT_PRODUCTS_DIR)/JXCircleSlider.app/JXCircleSlider";
			};
			name = Debug;
		};
		5DDAAFC81B394C5F00D409F4 /* Release */ = {
			isa = XCBuildConfiguration;
			buildSettings = {
				BUNDLE_LOADER = "$(TEST_HOST)";
				FRAMEWORK_SEARCH_PATHS = (
					"$(SDKROOT)/Developer/Library/Frameworks",
					"$(inherited)",
				);
				INFOPLIST_FILE = JXCircleSliderTests/Info.plist;
				LD_RUNPATH_SEARCH_PATHS = "$(inherited) @executable_path/Frameworks @loader_path/Frameworks";
				PRODUCT_NAME = "$(TARGET_NAME)";
				TEST_HOST = "$(BUILT_PRODUCTS_DIR)/JXCircleSlider.app/JXCircleSlider";
			};
			name = Release;
		};
/* End XCBuildConfiguration section */

/* Begin XCConfigurationList section */
		5DDAAF9B1B394C5E00D409F4 /* Build configuration list for PBXProject "JXCircleSlider" */ = {
			isa = XCConfigurationList;
			buildConfigurations = (
				5DDAAFC11B394C5F00D409F4 /* Debug */,
				5DDAAFC21B394C5F00D409F4 /* Release */,
			);
			defaultConfigurationIsVisible = 0;
			defaultConfigurationName = Release;
		};
		5DDAAFC31B394C5F00D409F4 /* Build configuration list for PBXNativeTarget "JXCircleSlider" */ = {
			isa = XCConfigurationList;
			buildConfigurations = (
				5DDAAFC41B394C5F00D409F4 /* Debug */,
				5DDAAFC51B394C5F00D409F4 /* Release */,
			);
			defaultConfigurationIsVisible = 0;
		};
		5DDAAFC61B394C5F00D409F4 /* Build configuration list for PBXNativeTarget "JXCircleSliderTests" */ = {
			isa = XCConfigurationList;
			buildConfigurations = (
				5DDAAFC71B394C5F00D409F4 /* Debug */,
				5DDAAFC81B394C5F00D409F4 /* Release */,
			);
			defaultConfigurationIsVisible = 0;
		};
/* End XCConfigurationList section */
	};
	rootObject = 5DDAAF981B394C5E00D409F4 /* Project object */;
}
